
Microsoft Visual Studio Solution File, Format Version 12.00
# Visual Studio Version 17
VisualStudioVersion = 17.12.35707.178 d17.12
MinimumVisualStudioVersion = 10.0.40219.1
Project("{FAE04EC0-301F-11D3-BF4B-00C04F79EFBC}") = "TestClassLibrary1", "TestClassLibrary1.csproj", "{2C25C20F-F075-4260-B6BF-E970F18E3BED}"
EndProject
Global
	GlobalSection(SolutionConfigurationPlatforms) = preSolution
		Debug|Any CPU = Debug|Any CPU
		Release|Any CPU = Release|Any CPU
	EndGlobalSection
	GlobalSection(ProjectConfigurationPlatforms) = postSolution
		{2C25C20F-F075-4260-B6BF-E970F18E3BED}.Debug|Any CPU.ActiveCfg = Debug|Any CPU
		{2C25C20F-F075-4260-B6BF-E970F18E3BED}.Debug|Any CPU.Build.0 = Debug|Any CPU
		{2C25C20F-F075-4260-B6BF-E970F18E3BED}.Release|Any CPU.ActiveCfg = Release|Any CPU
		{2C25C20F-F075-4260-B6BF-E970F18E3BED}.Release|Any CPU.Build.0 = Release|Any CPU
	EndGlobalSection
	GlobalSection(SolutionProperties) = preSolution
		HideSolutionNode = FALSE
	EndGlobalSection
EndGlobal
